
Microsoft Visual Studio Solution File, Format Version 12.00
# Visual Studio Version 17
VisualStudioVersion = 17.3.32811.315
MinimumVisualStudioVersion = 10.0.40219.1
Project("{FAE04EC0-301F-11D3-BF4B-00C04F79EFBC}") = "NBrowser", "NBrowser.csproj", "{20C04FD5-CD7F-4227-B0B3-DCBD511025AB}"
EndProject
Global
	GlobalSection(SolutionConfigurationPlatforms) = preSolution
		Debug|Any CPU = Debug|Any CPU
		Release|Any CPU = Release|Any CPU
	EndGlobalSection
	GlobalSection(ProjectConfigurationPlatforms) = postSolution
		{20C04FD5-CD7F-4227-B0B3-DCBD511025AB}.Debug|Any CPU.ActiveCfg = Debug|Any CPU
		{20C04FD5-CD7F-4227-B0B3-DCBD511025AB}.Debug|Any CPU.Build.0 = Debug|Any CPU
		{20C04FD5-CD7F-4227-B0B3-DCBD511025AB}.Release|Any CPU.ActiveCfg = Release|Any CPU
		{20C04FD5-CD7F-4227-B0B3-DCBD511025AB}.Release|Any CPU.Build.0 = Release|Any CPU
	EndGlobalSection
	GlobalSection(SolutionProperties) = preSolution
		HideSolutionNode = FALSE
	EndGlobalSection
	GlobalSection(ExtensibilityGlobals) = postSolution
		SolutionGuid = {6E775BB5-E358-4F24-9358-15B867D09826}
	EndGlobalSection
EndGlobal
